
Microsoft Visual Studio Solution File, Format Version 12.00
# Visual Studio 2012
Project("{FAE04EC0-301F-11D3-BF4B-00C04F79EFBC}") = "BirthdayGreetingsTests", "BirthdayGreetingsTests\BirthdayGreetingsTests.csproj", "{73F9B952-A4F4-47ED-8ABB-C3665863363B}"
EndProject
Project("{FAE04EC0-301F-11D3-BF4B-00C04F79EFBC}") = "BirthdayGreetings", "..\BirthdayGreetings\BirthdayGreetings.csproj", "{6774D3FD-91CC-4218-8413-6466BB8C1DA4}"
EndProject
Project("{FAE04EC0-301F-11D3-BF4B-00C04F79EFBC}") = "PeopleFileSystemTests", "PeopleFileSystemTests\PeopleFileSystemTests.csproj", "{47501162-2108-41F5-A1D1-E6C4927DDB79}"
EndProject
Project("{FAE04EC0-301F-11D3-BF4B-00C04F79EFBC}") = "PeopleFileSystem", "..\PeopleFileSystem\PeopleFileSystem.csproj", "{A4F4F9A5-D2F4-42B8-AEB0-2590515C7C38}"
EndProject
Project("{2150E333-8FDC-42A3-9474-1A3956D46DE8}") = "Tests", "Tests", "{88095595-7B22-4907-A43E-D1872BD9061E}"
EndProject
Global
	GlobalSection(SolutionConfigurationPlatforms) = preSolution
		Debug|Any CPU = Debug|Any CPU
		Release|Any CPU = Release|Any CPU
	EndGlobalSection
	GlobalSection(ProjectConfigurationPlatforms) = postSolution
		{73F9B952-A4F4-47ED-8ABB-C3665863363B}.Debug|Any CPU.ActiveCfg = Debug|Any CPU
		{73F9B952-A4F4-47ED-8ABB-C3665863363B}.Debug|Any CPU.Build.0 = Debug|Any CPU
		{73F9B952-A4F4-47ED-8ABB-C3665863363B}.Release|Any CPU.ActiveCfg = Release|Any CPU
		{73F9B952-A4F4-47ED-8ABB-C3665863363B}.Release|Any CPU.Build.0 = Release|Any CPU
		{6774D3FD-91CC-4218-8413-6466BB8C1DA4}.Debug|Any CPU.ActiveCfg = Debug|Any CPU
		{6774D3FD-91CC-4218-8413-6466BB8C1DA4}.Debug|Any CPU.Build.0 = Debug|Any CPU
		{6774D3FD-91CC-4218-8413-6466BB8C1DA4}.Release|Any CPU.ActiveCfg = Release|Any CPU
		{6774D3FD-91CC-4218-8413-6466BB8C1DA4}.Release|Any CPU.Build.0 = Release|Any CPU
		{47501162-2108-41F5-A1D1-E6C4927DDB79}.Debug|Any CPU.ActiveCfg = Debug|Any CPU
		{47501162-2108-41F5-A1D1-E6C4927DDB79}.Debug|Any CPU.Build.0 = Debug|Any CPU
		{47501162-2108-41F5-A1D1-E6C4927DDB79}.Release|Any CPU.ActiveCfg = Release|Any CPU
		{47501162-2108-41F5-A1D1-E6C4927DDB79}.Release|Any CPU.Build.0 = Release|Any CPU
		{A4F4F9A5-D2F4-42B8-AEB0-2590515C7C38}.Debug|Any CPU.ActiveCfg = Debug|Any CPU
		{A4F4F9A5-D2F4-42B8-AEB0-2590515C7C38}.Debug|Any CPU.Build.0 = Debug|Any CPU
		{A4F4F9A5-D2F4-42B8-AEB0-2590515C7C38}.Release|Any CPU.ActiveCfg = Release|Any CPU
		{A4F4F9A5-D2F4-42B8-AEB0-2590515C7C38}.Release|Any CPU.Build.0 = Release|Any CPU
	EndGlobalSection
	GlobalSection(SolutionProperties) = preSolution
		HideSolutionNode = FALSE
	EndGlobalSection
	GlobalSection(NestedProjects) = preSolution
		{73F9B952-A4F4-47ED-8ABB-C3665863363B} = {88095595-7B22-4907-A43E-D1872BD9061E}
		{47501162-2108-41F5-A1D1-E6C4927DDB79} = {88095595-7B22-4907-A43E-D1872BD9061E}
	EndGlobalSection
EndGlobal
